// !$*UTF8*$!
{
	archiveVersion = 1;
	classes = {
	};
	objectVersion = 50;
	objects = {

/* Begin PBXBuildFile section */
		E819FC9622921B7C000602A9 /* ViewController+CoreData.swift in Sources */ = {isa = PBXBuildFile; fileRef = E819FC9522921B7C000602A9 /* ViewController+CoreData.swift */; };
		E819FC9822922CF3000602A9 /* ConsolesManager.swift in Sources */ = {isa = PBXBuildFile; fileRef = E819FC9722922CF3000602A9 /* ConsolesManager.swift */; };
		E85160B4228994340019FD5E /* AppDelegate.swift in Sources */ = {isa = PBXBuildFile; fileRef = E85160B3228994340019FD5E /* AppDelegate.swift */; };
		E85160B9228994340019FD5E /* Main.storyboard in Resources */ = {isa = PBXBuildFile; fileRef = E85160B7228994340019FD5E /* Main.storyboard */; };
		E85160BC228994340019FD5E /* MyGames.xcdatamodeld in Sources */ = {isa = PBXBuildFile; fileRef = E85160BA228994340019FD5E /* MyGames.xcdatamodeld */; };
		E85160BE228994350019FD5E /* Assets.xcassets in Resources */ = {isa = PBXBuildFile; fileRef = E85160BD228994350019FD5E /* Assets.xcassets */; };
		E85160C1228994350019FD5E /* LaunchScreen.storyboard in Resources */ = {isa = PBXBuildFile; fileRef = E85160BF228994350019FD5E /* LaunchScreen.storyboard */; };
		E85160C9228A40AD0019FD5E /* GamesTableViewController.swift in Sources */ = {isa = PBXBuildFile; fileRef = E85160C8228A40AD0019FD5E /* GamesTableViewController.swift */; };
		E85160CB228A40DC0019FD5E /* ConsolesTableViewController.swift in Sources */ = {isa = PBXBuildFile; fileRef = E85160CA228A40DC0019FD5E /* ConsolesTableViewController.swift */; };
		E85160CD228A41530019FD5E /* GameViewController.swift in Sources */ = {isa = PBXBuildFile; fileRef = E85160CC228A41530019FD5E /* GameViewController.swift */; };
		E85160CF228A41670019FD5E /* AddEditViewController.swift in Sources */ = {isa = PBXBuildFile; fileRef = E85160CE228A41670019FD5E /* AddEditViewController.swift */; };
		E85160D1228A443D0019FD5E /* GameTableViewCell.swift in Sources */ = {isa = PBXBuildFile; fileRef = E85160D0228A443D0019FD5E /* GameTableViewCell.swift */; };
/* End PBXBuildFile section */

/* Begin PBXFileReference section */
		E819FC9522921B7C000602A9 /* ViewController+CoreData.swift */ = {isa = PBXFileReference; lastKnownFileType = sourcecode.swift; path = "ViewController+CoreData.swift"; sourceTree = "<group>"; };
		E819FC9722922CF3000602A9 /* ConsolesManager.swift */ = {isa = PBXFileReference; lastKnownFileType = sourcecode.swift; path = ConsolesManager.swift; sourceTree = "<group>"; };
		E85160B0228994340019FD5E /* MyGames.app */ = {isa = PBXFileReference; explicitFileType = wrapper.application; includeInIndex = 0; path = MyGames.app; sourceTree = BUILT_PRODUCTS_DIR; };
		E85160B3228994340019FD5E /* AppDelegate.swift */ = {isa = PBXFileReference; lastKnownFileType = sourcecode.swift; path = AppDelegate.swift; sourceTree = "<group>"; };
		E85160B8228994340019FD5E /* Base */ = {isa = PBXFileReference; lastKnownFileType = file.storyboard; name = Base; path = Base.lproj/Main.storyboard; sourceTree = "<group>"; };
		E85160BB228994340019FD5E /* MyGames.xcdatamodel */ = {isa = PBXFileReference; lastKnownFileType = wrapper.xcdatamodel; path = MyGames.xcdatamodel; sourceTree = "<group>"; };
		E85160BD228994350019FD5E /* Assets.xcassets */ = {isa = PBXFileReference; lastKnownFileType = folder.assetcatalog; path = Assets.xcassets; sourceTree = "<group>"; };
		E85160C0228994350019FD5E /* Base */ = {isa = PBXFileReference; lastKnownFileType = file.storyboard; name = Base; path = Base.lproj/LaunchScreen.storyboard; sourceTree = "<group>"; };
		E85160C2228994350019FD5E /* Info.plist */ = {isa = PBXFileReference; lastKnownFileType = text.plist.xml; path = Info.plist; sourceTree = "<group>"; };
		E85160C8228A40AD0019FD5E /* GamesTableViewController.swift */ = {isa = PBXFileReference; lastKnownFileType = sourcecode.swift; path = GamesTableViewController.swift; sourceTree = "<group>"; };
		E85160CA228A40DC0019FD5E /* ConsolesTableViewController.swift */ = {isa = PBXFileReference; lastKnownFileType = sourcecode.swift; path = ConsolesTableViewController.swift; sourceTree = "<group>"; };
		E85160CC228A41530019FD5E /* GameViewController.swift */ = {isa = PBXFileReference; lastKnownFileType = sourcecode.swift; path = GameViewController.swift; sourceTree = "<group>"; };
		E85160CE228A41670019FD5E /* AddEditViewController.swift */ = {isa = PBXFileReference; lastKnownFileType = sourcecode.swift; path = AddEditViewController.swift; sourceTree = "<group>"; };
		E85160D0228A443D0019FD5E /* GameTableViewCell.swift */ = {isa = PBXFileReference; lastKnownFileType = sourcecode.swift; path = GameTableViewCell.swift; sourceTree = "<group>"; };
/* End PBXFileReference section */

/* Begin PBXFrameworksBuildPhase section */
		E85160AD228994340019FD5E /* Frameworks */ = {
			isa = PBXFrameworksBuildPhase;
			buildActionMask = 2147483647;
			files = (
			);
			runOnlyForDeploymentPostprocessing = 0;
		};
/* End PBXFrameworksBuildPhase section */

/* Begin PBXGroup section */
		E85160A7228994340019FD5E = {
			isa = PBXGroup;
			children = (
				E85160B2228994340019FD5E /* MyGames */,
				E85160B1228994340019FD5E /* Products */,
			);
			sourceTree = "<group>";
		};
		E85160B1228994340019FD5E /* Products */ = {
			isa = PBXGroup;
			children = (
				E85160B0228994340019FD5E /* MyGames.app */,
			);
			name = Products;
			sourceTree = "<group>";
		};
		E85160B2228994340019FD5E /* MyGames */ = {
			isa = PBXGroup;
			children = (
				E85160B3228994340019FD5E /* AppDelegate.swift */,
				E819FC9522921B7C000602A9 /* ViewController+CoreData.swift */,
				E85160B7228994340019FD5E /* Main.storyboard */,
				E85160CC228A41530019FD5E /* GameViewController.swift */,
				E85160CE228A41670019FD5E /* AddEditViewController.swift */,
				E85160D0228A443D0019FD5E /* GameTableViewCell.swift */,
				E85160C8228A40AD0019FD5E /* GamesTableViewController.swift */,
				E819FC9722922CF3000602A9 /* ConsolesManager.swift */,
				E85160CA228A40DC0019FD5E /* ConsolesTableViewController.swift */,
				E85160BD228994350019FD5E /* Assets.xcassets */,
				E85160BF228994350019FD5E /* LaunchScreen.storyboard */,
				E85160C2228994350019FD5E /* Info.plist */,
				E85160BA228994340019FD5E /* MyGames.xcdatamodeld */,
			);
			path = MyGames;
			sourceTree = "<group>";
		};
/* End PBXGroup section */

/* Begin PBXNativeTarget section */
		E85160AF228994340019FD5E /* MyGames */ = {
			isa = PBXNativeTarget;
			buildConfigurationList = E85160C5228994350019FD5E /* Build configuration list for PBXNativeTarget "MyGames" */;
			buildPhases = (
				E85160AC228994340019FD5E /* Sources */,
				E85160AD228994340019FD5E /* Frameworks */,
				E85160AE228994340019FD5E /* Resources */,
			);
			buildRules = (
			);
			dependencies = (
			);
			name = MyGames;
			productName = MyGames;
			productReference = E85160B0228994340019FD5E /* MyGames.app */;
			productType = "com.apple.product-type.application";
		};
/* End PBXNativeTarget section */

/* Begin PBXProject section */
		E85160A8228994340019FD5E /* Project object */ = {
			isa = PBXProject;
			attributes = {
				LastSwiftUpdateCheck = 1020;
				LastUpgradeCheck = 1020;
				ORGANIZATIONNAME = "Fernanda Brum";
				TargetAttributes = {
					E85160AF228994340019FD5E = {
						CreatedOnToolsVersion = 10.2.1;
					};
				};
			};
			buildConfigurationList = E85160AB228994340019FD5E /* Build configuration list for PBXProject "MyGames" */;
			compatibilityVersion = "Xcode 9.3";
			developmentRegion = en;
			hasScannedForEncodings = 0;
			knownRegions = (
				en,
				Base,
			);
			mainGroup = E85160A7228994340019FD5E;
			productRefGroup = E85160B1228994340019FD5E /* Products */;
			projectDirPath = "";
			projectRoot = "";
			targets = (
				E85160AF228994340019FD5E /* MyGames */,
			);
		};
/* End PBXProject section */

/* Begin PBXResourcesBuildPhase section */
		E85160AE228994340019FD5E /* Resources */ = {
			isa = PBXResourcesBuildPhase;
			buildActionMask = 2147483647;
			files = (
				E85160C1228994350019FD5E /* LaunchScreen.storyboard in Resources */,
				E85160BE228994350019FD5E /* Assets.xcassets in Resources */,
				E85160B9228994340019FD5E /* Main.storyboard in Resources */,
			);
			runOnlyForDeploymentPostprocessing = 0;
		};
/* End PBXResourcesBuildPhase section */

/* Begin PBXSourcesBuildPhase section */
		E85160AC228994340019FD5E /* Sources */ = {
			isa = PBXSourcesBuildPhase;
			buildActionMask = 2147483647;
			files = (
				E85160D1228A443D0019FD5E /* GameTableViewCell.swift in Sources */,
				E819FC9822922CF3000602A9 /* ConsolesManager.swift in Sources */,
				E85160CD228A41530019FD5E /* GameViewController.swift in Sources */,
				E85160B4228994340019FD5E /* AppDelegate.swift in Sources */,
				E85160CF228A41670019FD5E /* AddEditViewController.swift in Sources */,
				E85160C9228A40AD0019FD5E /* GamesTableViewController.swift in Sources */,
				E819FC9622921B7C000602A9 /* ViewController+CoreData.swift in Sources */,
				E85160BC228994340019FD5E /* MyGames.xcdatamodeld in Sources */,
				E85160CB228A40DC0019FD5E /* ConsolesTableViewController.swift in Sources */,
			);
			runOnlyForDeploymentPostprocessing = 0;
		};
/* End PBXSourcesBuildPhase section */

/* Begin PBXVariantGroup section */
		E85160B7228994340019FD5E /* Main.storyboard */ = {
			isa = PBXVariantGroup;
			children = (
				E85160B8228994340019FD5E /* Base */,
			);
			name = Main.storyboard;
			sourceTree = "<group>";
		};
		E85160BF228994350019FD5E /* LaunchScreen.storyboard */ = {
			isa = PBXVariantGroup;
			children = (
				E85160C0228994350019FD5E /* Base */,
			);
			name = LaunchScreen.storyboard;
			sourceTree = "<group>";
		};
/* End PBXVariantGroup section */

/* Begin XCBuildConfiguration section */
		E85160C3228994350019FD5E /* Debug */ = {
			isa = XCBuildConfiguration;
			buildSettings = {
				ALWAYS_SEARCH_USER_PATHS = NO;
				CLANG_ANALYZER_NONNULL = YES;
				CLANG_ANALYZER_NUMBER_OBJECT_CONVERSION = YES_AGGRESSIVE;
				CLANG_CXX_LANGUAGE_STANDARD = "gnu++14";
				CLANG_CXX_LIBRARY = "libc++";
				CLANG_ENABLE_MODULES = YES;
				CLANG_ENABLE_OBJC_ARC = YES;
				CLANG_ENABLE_OBJC_WEAK = YES;
				CLANG_WARN_BLOCK_CAPTURE_AUTORELEASING = YES;
				CLANG_WARN_BOOL_CONVERSION = YES;
				CLANG_WARN_COMMA = YES;
				CLANG_WARN_CONSTANT_CONVERSION = YES;
				CLANG_WARN_DEPRECATED_OBJC_IMPLEMENTATIONS = YES;
				CLANG_WARN_DIRECT_OBJC_ISA_USAGE = YES_ERROR;
				CLANG_WARN_DOCUMENTATION_COMMENTS = YES;
				CLANG_WARN_EMPTY_BODY = YES;
				CLANG_WARN_ENUM_CONVERSION = YES;
				CLANG_WARN_INFINITE_RECURSION = YES;
				CLANG_WARN_INT_CONVERSION = YES;
				CLANG_WARN_NON_LITERAL_NULL_CONVERSION = YES;
				CLANG_WARN_OBJC_IMPLICIT_RETAIN_SELF = YES;
				CLANG_WARN_OBJC_LITERAL_CONVERSION = YES;
				CLANG_WARN_OBJC_ROOT_CLASS = YES_ERROR;
				CLANG_WARN_RANGE_LOOP_ANALYSIS = YES;
				CLANG_WARN_STRICT_PROTOTYPES = YES;
				CLANG_WARN_SUSPICIOUS_MOVE = YES;
				CLANG_WARN_UNGUARDED_AVAILABILITY = YES_AGGRESSIVE;
				CLANG_WARN_UNREACHABLE_CODE = YES;
				CLANG_WARN__DUPLICATE_METHOD_MATCH = YES;
				CODE_SIGN_IDENTITY = "iPhone Developer";
				COPY_PHASE_STRIP = NO;
				DEBUG_INFORMATION_FORMAT = dwarf;
				ENABLE_STRICT_OBJC_MSGSEND = YES;
				ENABLE_TESTABILITY = YES;
				GCC_C_LANGUAGE_STANDARD = gnu11;
				GCC_DYNAMIC_NO_PIC = NO;
				GCC_NO_COMMON_BLOCKS = YES;
				GCC_OPTIMIZATION_LEVEL = 0;
				GCC_PREPROCESSOR_DEFINITIONS = (
					"DEBUG=1",
					"$(inherited)",
				);
				GCC_WARN_64_TO_32_BIT_CONVERSION = YES;
				GCC_WARN_ABOUT_RETURN_TYPE = YES_ERROR;
				GCC_WARN_UNDECLARED_SELECTOR = YES;
				GCC_WARN_UNINITIALIZED_AUTOS = YES_AGGRESSIVE;
				GCC_WARN_UNUSED_FUNCTION = YES;
				GCC_WARN_UNUSED_VARIABLE = YES;
				IPHONEOS_DEPLOYMENT_TARGET = 12.2;
				MTL_ENABLE_DEBUG_INFO = INCLUDE_SOURCE;
				MTL_FAST_MATH = YES;
				ONLY_ACTIVE_ARCH = YES;
				SDKROOT = iphoneos;
				SWIFT_ACTIVE_COMPILATION_CONDITIONS = DEBUG;
				SWIFT_OPTIMIZATION_LEVEL = "-Onone";
			};
			name = Debug;
		};
		E85160C4228994350019FD5E /* Release */ = {
			isa = XCBuildConfiguration;
			buildSettings = {
				ALWAYS_SEARCH_USER_PATHS = NO;
				CLANG_ANALYZER_NONNULL = YES;
				CLANG_ANALYZER_NUMBER_OBJECT_CONVERSION = YES_AGGRESSIVE;
				CLANG_CXX_LANGUAGE_STANDARD = "gnu++14";
				CLANG_CXX_LIBRARY = "libc++";
				CLANG_ENABLE_MODULES = YES;
				CLANG_ENABLE_OBJC_ARC = YES;
				CLANG_ENABLE_OBJC_WEAK = YES;
				CLANG_WARN_BLOCK_CAPTURE_AUTORELEASING = YES;
				CLANG_WARN_BOOL_CONVERSION = YES;
				CLANG_WARN_COMMA = YES;
				CLANG_WARN_CONSTANT_CONVERSION = YES;
				CLANG_WARN_DEPRECATED_OBJC_IMPLEMENTATIONS = YES;
				CLANG_WARN_DIRECT_OBJC_ISA_USAGE = YES_ERROR;
				CLANG_WARN_DOCUMENTATION_COMMENTS = YES;
				CLANG_WARN_EMPTY_BODY = YES;
				CLANG_WARN_ENUM_CONVERSION = YES;
				CLANG_WARN_INFINITE_RECURSION = YES;
				CLANG_WARN_INT_CONVERSION = YES;
				CLANG_WARN_NON_LITERAL_NULL_CONVERSION = YES;
				CLANG_WARN_OBJC_IMPLICIT_RETAIN_SELF = YES;
				CLANG_WARN_OBJC_LITERAL_CONVERSION = YES;
				CLANG_WARN_OBJC_ROOT_CLASS = YES_ERROR;
				CLANG_WARN_RANGE_LOOP_ANALYSIS = YES;
				CLANG_WARN_STRICT_PROTOTYPES = YES;
				CLANG_WARN_SUSPICIOUS_MOVE = YES;
				CLANG_WARN_UNGUARDED_AVAILABILITY = YES_AGGRESSIVE;
				CLANG_WARN_UNREACHABLE_CODE = YES;
				CLANG_WARN__DUPLICATE_METHOD_MATCH = YES;
				CODE_SIGN_IDENTITY = "iPhone Developer";
				COPY_PHASE_STRIP = NO;
				DEBUG_INFORMATION_FORMAT = "dwarf-with-dsym";
				ENABLE_NS_ASSERTIONS = NO;
				ENABLE_STRICT_OBJC_MSGSEND = YES;
				GCC_C_LANGUAGE_STANDARD = gnu11;
				GCC_NO_COMMON_BLOCKS = YES;
				GCC_WARN_64_TO_32_BIT_CONVERSION = YES;
				GCC_WARN_ABOUT_RETURN_TYPE = YES_ERROR;
				GCC_WARN_UNDECLARED_SELECTOR = YES;
				GCC_WARN_UNINITIALIZED_AUTOS = YES_AGGRESSIVE;
				GCC_WARN_UNUSED_FUNCTION = YES;
				GCC_WARN_UNUSED_VARIABLE = YES;
				IPHONEOS_DEPLOYMENT_TARGET = 12.2;
				MTL_ENABLE_DEBUG_INFO = NO;
				MTL_FAST_MATH = YES;
				SDKROOT = iphoneos;
				SWIFT_COMPILATION_MODE = wholemodule;
				SWIFT_OPTIMIZATION_LEVEL = "-O";
				VALIDATE_PRODUCT = YES;
			};
			name = Release;
		};
		E85160C6228994350019FD5E /* Debug */ = {
			isa = XCBuildConfiguration;
			buildSettings = {
				ASSETCATALOG_COMPILER_APPICON_NAME = AppIcon;
				CODE_SIGN_STYLE = Automatic;
				DEVELOPMENT_TEAM = 3C3W8YXW37;
				INFOPLIST_FILE = MyGames/Info.plist;
				LD_RUNPATH_SEARCH_PATHS = (
					"$(inherited)",
					"@executable_path/Frameworks",
				);
				PRODUCT_BUNDLE_IDENTIFIER = com.fernandabrum.MyGames;
				PRODUCT_NAME = "$(TARGET_NAME)";
				SWIFT_VERSION = 5.0;
				TARGETED_DEVICE_FAMILY = 1;
			};
			name = Debug;
		};
		E85160C7228994350019FD5E /* Release */ = {
			isa = XCBuildConfiguration;
			buildSettings = {
				ASSETCATALOG_COMPILER_APPICON_NAME = AppIcon;
				CODE_SIGN_STYLE = Automatic;
				DEVELOPMENT_TEAM = 3C3W8YXW37;
				INFOPLIST_FILE = MyGames/Info.plist;
				LD_RUNPATH_SEARCH_PATHS = (
					"$(inherited)",
					"@executable_path/Frameworks",
				);
				PRODUCT_BUNDLE_IDENTIFIER = com.fernandabrum.MyGames;
				PRODUCT_NAME = "$(TARGET_NAME)";
				SWIFT_VERSION = 5.0;
				TARGETED_DEVICE_FAMILY = 1;
			};
			name = Release;
		};
/* End XCBuildConfiguration section */

/* Begin XCConfigurationList section */
		E85160AB228994340019FD5E /* Build configuration list for PBXProject "MyGames" */ = {
			isa = XCConfigurationList;
			buildConfigurations = (
				E85160C3228994350019FD5E /* Debug */,
				E85160C4228994350019FD5E /* Release */,
			);
			defaultConfigurationIsVisible = 0;
			defaultConfigurationName = Release;
		};
		E85160C5228994350019FD5E /* Build configuration list for PBXNativeTarget "MyGames" */ = {
			isa = XCConfigurationList;
			buildConfigurations = (
				E85160C6228994350019FD5E /* Debug */,
				E85160C7228994350019FD5E /* Release */,
			);
			defaultConfigurationIsVisible = 0;
			defaultConfigurationName = Release;
		};
/* End XCConfigurationList section */

/* Begin XCVersionGroup section */
		E85160BA228994340019FD5E /* MyGames.xcdatamodeld */ = {
			isa = XCVersionGroup;
			children = (
				E85160BB228994340019FD5E /* MyGames.xcdatamodel */,
			);
			currentVersion = E85160BB228994340019FD5E /* MyGames.xcdatamodel */;
			path = MyGames.xcdatamodeld;
			sourceTree = "<group>";
			versionGroupType = wrapper.xcdatamodel;
		};
/* End XCVersionGroup section */
	};
	rootObject = E85160A8228994340019FD5E /* Project object */;
}
